
Microsoft Visual Studio Solution File, Format Version 12.00
# Visual Studio Version 17
VisualStudioVersion = 17.13.36105.23
MinimumVisualStudioVersion = 10.0.40219.1
Project("{FAE04EC0-301F-11D3-BF4B-00C04F79EFBC}") = "PE_Tools", "PE_Tools\PE_Tools.csproj", "{ADFFD630-BE22-480E-ABDC-4EE2FBC5151E}"
EndProject
Project("{D954291E-2A0B-460D-934E-DC6B0785DB48}") = "PE_Addin_CommandPalette", "PE_Addin_CommandPalette\PE_Addin_CommandPalette.shproj", "{F8A3C2D1-5B4E-4F7A-9C8D-1E2F3A4B5C6D}"
EndProject
Project("{9A19103F-16F7-4668-BE54-9A1E7A4F7556}") = "Nuke", "build\Nuke.csproj", "{63C0D6E6-184D-46AD-890D-FD405298DC39}"
EndProject
Global
	GlobalSection(SolutionConfigurationPlatforms) = preSolution
		Debug R23|Any CPU = Debug R23|Any CPU
		Debug R24|Any CPU = Debug R24|Any CPU
		Debug R25|Any CPU = Debug R25|Any CPU
		Debug R26|Any CPU = Debug R26|Any CPU
		Debug|Any CPU = Debug|Any CPU
		Release R23|Any CPU = Release R23|Any CPU
		Release R24|Any CPU = Release R24|Any CPU
		Release R25|Any CPU = Release R25|Any CPU
		Release R26|Any CPU = Release R26|Any CPU
		Release|Any CPU = Release|Any CPU
	EndGlobalSection
	GlobalSection(ProjectConfigurationPlatforms) = postSolution
		{ADFFD630-BE22-480E-ABDC-4EE2FBC5151E}.Debug R23|Any CPU.ActiveCfg = Debug R23|Any CPU
		{ADFFD630-BE22-480E-ABDC-4EE2FBC5151E}.Debug R23|Any CPU.Build.0 = Debug R23|Any CPU
		{ADFFD630-BE22-480E-ABDC-4EE2FBC5151E}.Debug R24|Any CPU.ActiveCfg = Debug R24|Any CPU
		{ADFFD630-BE22-480E-ABDC-4EE2FBC5151E}.Debug R24|Any CPU.Build.0 = Debug R24|Any CPU
		{ADFFD630-BE22-480E-ABDC-4EE2FBC5151E}.Debug R25|Any CPU.ActiveCfg = Debug R25|Any CPU
		{ADFFD630-BE22-480E-ABDC-4EE2FBC5151E}.Debug R25|Any CPU.Build.0 = Debug R25|Any CPU
		{ADFFD630-BE22-480E-ABDC-4EE2FBC5151E}.Debug R26|Any CPU.ActiveCfg = Debug R26|Any CPU
		{ADFFD630-BE22-480E-ABDC-4EE2FBC5151E}.Debug R26|Any CPU.Build.0 = Debug R26|Any CPU
		{ADFFD630-BE22-480E-ABDC-4EE2FBC5151E}.Debug|Any CPU.ActiveCfg = Debug R26|Any CPU
		{ADFFD630-BE22-480E-ABDC-4EE2FBC5151E}.Debug|Any CPU.Build.0 = Debug R26|Any CPU
		{ADFFD630-BE22-480E-ABDC-4EE2FBC5151E}.Release R23|Any CPU.ActiveCfg = Release R23|Any CPU
		{ADFFD630-BE22-480E-ABDC-4EE2FBC5151E}.Release R23|Any CPU.Build.0 = Release R23|Any CPU
		{ADFFD630-BE22-480E-ABDC-4EE2FBC5151E}.Release R24|Any CPU.ActiveCfg = Release R24|Any CPU
		{ADFFD630-BE22-480E-ABDC-4EE2FBC5151E}.Release R24|Any CPU.Build.0 = Release R24|Any CPU
		{ADFFD630-BE22-480E-ABDC-4EE2FBC5151E}.Release R25|Any CPU.ActiveCfg = Release R25|Any CPU
		{ADFFD630-BE22-480E-ABDC-4EE2FBC5151E}.Release R25|Any CPU.Build.0 = Release R25|Any CPU
		{ADFFD630-BE22-480E-ABDC-4EE2FBC5151E}.Release R26|Any CPU.ActiveCfg = Release R26|Any CPU
		{ADFFD630-BE22-480E-ABDC-4EE2FBC5151E}.Release R26|Any CPU.Build.0 = Release R26|Any CPU
		{ADFFD630-BE22-480E-ABDC-4EE2FBC5151E}.Release|Any CPU.ActiveCfg = Release R26|Any CPU
		{ADFFD630-BE22-480E-ABDC-4EE2FBC5151E}.Release|Any CPU.Build.0 = Release R26|Any CPU
		{63C0D6E6-184D-46AD-890D-FD405298DC39}.Debug R23|Any CPU.ActiveCfg = Debug|Any CPU
		{63C0D6E6-184D-46AD-890D-FD405298DC39}.Debug R23|Any CPU.Build.0 = Debug|Any CPU
		{63C0D6E6-184D-46AD-890D-FD405298DC39}.Debug R24|Any CPU.ActiveCfg = Debug|Any CPU
		{63C0D6E6-184D-46AD-890D-FD405298DC39}.Debug R24|Any CPU.Build.0 = Debug|Any CPU
		{63C0D6E6-184D-46AD-890D-FD405298DC39}.Debug R25|Any CPU.ActiveCfg = Debug|Any CPU
		{63C0D6E6-184D-46AD-890D-FD405298DC39}.Debug R25|Any CPU.Build.0 = Debug|Any CPU
		{63C0D6E6-184D-46AD-890D-FD405298DC39}.Debug R26|Any CPU.ActiveCfg = Debug|Any CPU
		{63C0D6E6-184D-46AD-890D-FD405298DC39}.Debug R26|Any CPU.Build.0 = Debug|Any CPU
		{63C0D6E6-184D-46AD-890D-FD405298DC39}.Debug|Any CPU.ActiveCfg = Debug|Any CPU
		{63C0D6E6-184D-46AD-890D-FD405298DC39}.Debug|Any CPU.Build.0 = Debug|Any CPU
		{63C0D6E6-184D-46AD-890D-FD405298DC39}.Release R23|Any CPU.ActiveCfg = Release|Any CPU
		{63C0D6E6-184D-46AD-890D-FD405298DC39}.Release R23|Any CPU.Build.0 = Release|Any CPU
		{63C0D6E6-184D-46AD-890D-FD405298DC39}.Release R24|Any CPU.ActiveCfg = Release|Any CPU
		{63C0D6E6-184D-46AD-890D-FD405298DC39}.Release R24|Any CPU.Build.0 = Release|Any CPU
		{63C0D6E6-184D-46AD-890D-FD405298DC39}.Release R25|Any CPU.ActiveCfg = Release|Any CPU
		{63C0D6E6-184D-46AD-890D-FD405298DC39}.Release R25|Any CPU.Build.0 = Release|Any CPU
		{63C0D6E6-184D-46AD-890D-FD405298DC39}.Release R26|Any CPU.ActiveCfg = Release|Any CPU
		{63C0D6E6-184D-46AD-890D-FD405298DC39}.Release R26|Any CPU.Build.0 = Release|Any CPU
		{63C0D6E6-184D-46AD-890D-FD405298DC39}.Release|Any CPU.ActiveCfg = Release|Any CPU
		{63C0D6E6-184D-46AD-890D-FD405298DC39}.Release|Any CPU.Build.0 = Release|Any CPU
	EndGlobalSection
	GlobalSection(SolutionProperties) = preSolution
		HideSolutionNode = FALSE
	EndGlobalSection
	GlobalSection(ExtensibilityGlobals) = postSolution
		SolutionGuid = {824BE9E9-2FC4-49CA-ACDC-025CCE6BAB99}
	EndGlobalSection
	GlobalSection(SharedMSBuildProjectFiles) = preSolution
		PE_Addin_CommandPalette\PE_Addin_CommandPalette.projitems*{adffd630-be22-480e-abdc-4ee2fbc5151e}*SharedItemsImports = 5
		PE_Addin_CommandPalette\PE_Addin_CommandPalette.projitems*{f8a3c2d1-5b4e-4f7a-9c8d-1e2f3a4b5c6d}*SharedItemsImports = 13
	EndGlobalSection
EndGlobal
